
Microsoft Visual Studio Solution File, Format Version 12.00
# Visual Studio Version 17
VisualStudioVersion = 17.1.32421.90
MinimumVisualStudioVersion = 10.0.40219.1
Project("{FAE04EC0-301F-11D3-BF4B-00C04F79EFBC}") = "BlazorHybridDemo", "BlazorHybridDemo\BlazorHybridDemo.csproj", "{F6428643-1F98-4079-BF76-D9240277AD20}"
EndProject
Global
	GlobalSection(SolutionConfigurationPlatforms) = preSolution
		Debug|Any CPU = Debug|Any CPU
		Release|Any CPU = Release|Any CPU
	EndGlobalSection
	GlobalSection(ProjectConfigurationPlatforms) = postSolution
		{F6428643-1F98-4079-BF76-D9240277AD20}.Debug|Any CPU.ActiveCfg = Debug|Any CPU
		{F6428643-1F98-4079-BF76-D9240277AD20}.Debug|Any CPU.Build.0 = Debug|Any CPU
		{F6428643-1F98-4079-BF76-D9240277AD20}.Release|Any CPU.ActiveCfg = Release|Any CPU
		{F6428643-1F98-4079-BF76-D9240277AD20}.Release|Any CPU.Build.0 = Release|Any CPU
	EndGlobalSection
	GlobalSection(SolutionProperties) = preSolution
		HideSolutionNode = FALSE
	EndGlobalSection
	GlobalSection(ExtensibilityGlobals) = postSolution
		SolutionGuid = {055BD3D6-C5B5-4DC2-8835-9822D3F432D7}
	EndGlobalSection
EndGlobal
